// !$*UTF8*$!
{
	archiveVersion = 1;
	classes = {
	};
	objectVersion = 46;
	objects = {

/* Begin PBXBuildFile section */
		8138947B18D27F02009D967D /* Foundation.framework in Frameworks */ = {isa = PBXBuildFile; fileRef = 8138947A18D27F02009D967D /* Foundation.framework */; };
		8138947D18D27F02009D967D /* CoreGraphics.framework in Frameworks */ = {isa = PBXBuildFile; fileRef = 8138947C18D27F02009D967D /* CoreGraphics.framework */; };
		8138947F18D27F02009D967D /* UIKit.framework in Frameworks */ = {isa = PBXBuildFile; fileRef = 8138947E18D27F02009D967D /* UIKit.framework */; };
		8138948518D27F02009D967D /* InfoPlist.strings in Resources */ = {isa = PBXBuildFile; fileRef = 8138948318D27F02009D967D /* InfoPlist.strings */; };
		8138948718D27F02009D967D /* main.m in Sources */ = {isa = PBXBuildFile; fileRef = 8138948618D27F02009D967D /* main.m */; };
		8138948B18D27F02009D967D /* AppDelegate.m in Sources */ = {isa = PBXBuildFile; fileRef = 8138948A18D27F02009D967D /* AppDelegate.m */; };
		8138948E18D27F02009D967D /* Main_iPhone.storyboard in Resources */ = {isa = PBXBuildFile; fileRef = 8138948C18D27F02009D967D /* Main_iPhone.storyboard */; };
		8138949118D27F02009D967D /* Main_iPad.storyboard in Resources */ = {isa = PBXBuildFile; fileRef = 8138948F18D27F02009D967D /* Main_iPad.storyboard */; };
		8138949418D27F02009D967D /* ViewController.m in Sources */ = {isa = PBXBuildFile; fileRef = 8138949318D27F02009D967D /* ViewController.m */; };
		8138949618D27F02009D967D /* Images.xcassets in Resources */ = {isa = PBXBuildFile; fileRef = 8138949518D27F02009D967D /* Images.xcassets */; };
		8138949D18D27F02009D967D /* XCTest.framework in Frameworks */ = {isa = PBXBuildFile; fileRef = 8138949C18D27F02009D967D /* XCTest.framework */; };
		8138949E18D27F02009D967D /* Foundation.framework in Frameworks */ = {isa = PBXBuildFile; fileRef = 8138947A18D27F02009D967D /* Foundation.framework */; };
		8138949F18D27F02009D967D /* UIKit.framework in Frameworks */ = {isa = PBXBuildFile; fileRef = 8138947E18D27F02009D967D /* UIKit.framework */; };
		813894A718D27F02009D967D /* InfoPlist.strings in Resources */ = {isa = PBXBuildFile; fileRef = 813894A518D27F02009D967D /* InfoPlist.strings */; };
		813894A918D27F02009D967D /* FlickrKitTestTests.m in Sources */ = {isa = PBXBuildFile; fileRef = 813894A818D27F02009D967D /* FlickrKitTestTests.m */; };
/* End PBXBuildFile section */

/* Begin PBXContainerItemProxy section */
		813894A018D27F02009D967D /* PBXContainerItemProxy */ = {
			isa = PBXContainerItemProxy;
			containerPortal = 8138946F18D27F01009D967D /* Project object */;
			proxyType = 1;
			remoteGlobalIDString = 8138947618D27F01009D967D;
			remoteInfo = FlickrKitTest;
		};
/* End PBXContainerItemProxy section */

/* Begin PBXFileReference section */
		8138947718D27F01009D967D /* FlickrKitTest.app */ = {isa = PBXFileReference; explicitFileType = wrapper.application; includeInIndex = 0; path = FlickrKitTest.app; sourceTree = BUILT_PRODUCTS_DIR; };
		8138947A18D27F02009D967D /* Foundation.framework */ = {isa = PBXFileReference; lastKnownFileType = wrapper.framework; name = Foundation.framework; path = System/Library/Frameworks/Foundation.framework; sourceTree = SDKROOT; };
		8138947C18D27F02009D967D /* CoreGraphics.framework */ = {isa = PBXFileReference; lastKnownFileType = wrapper.framework; name = CoreGraphics.framework; path = System/Library/Frameworks/CoreGraphics.framework; sourceTree = SDKROOT; };
		8138947E18D27F02009D967D /* UIKit.framework */ = {isa = PBXFileReference; lastKnownFileType = wrapper.framework; name = UIKit.framework; path = System/Library/Frameworks/UIKit.framework; sourceTree = SDKROOT; };
		8138948218D27F02009D967D /* FlickrKitTest-Info.plist */ = {isa = PBXFileReference; lastKnownFileType = text.plist.xml; path = "FlickrKitTest-Info.plist"; sourceTree = "<group>"; };
		8138948418D27F02009D967D /* en */ = {isa = PBXFileReference; lastKnownFileType = text.plist.strings; name = en; path = en.lproj/InfoPlist.strings; sourceTree = "<group>"; };
		8138948618D27F02009D967D /* main.m */ = {isa = PBXFileReference; lastKnownFileType = sourcecode.c.objc; path = main.m; sourceTree = "<group>"; };
		8138948818D27F02009D967D /* FlickrKitTest-Prefix.pch */ = {isa = PBXFileReference; lastKnownFileType = sourcecode.c.h; path = "FlickrKitTest-Prefix.pch"; sourceTree = "<group>"; };
		8138948918D27F02009D967D /* AppDelegate.h */ = {isa = PBXFileReference; lastKnownFileType = sourcecode.c.h; path = AppDelegate.h; sourceTree = "<group>"; };
		8138948A18D27F02009D967D /* AppDelegate.m */ = {isa = PBXFileReference; lastKnownFileType = sourcecode.c.objc; path = AppDelegate.m; sourceTree = "<group>"; };
		8138948D18D27F02009D967D /* Base */ = {isa = PBXFileReference; lastKnownFileType = file.storyboard; name = Base; path = Base.lproj/Main_iPhone.storyboard; sourceTree = "<group>"; };
		8138949018D27F02009D967D /* Base */ = {isa = PBXFileReference; lastKnownFileType = file.storyboard; name = Base; path = Base.lproj/Main_iPad.storyboard; sourceTree = "<group>"; };
		8138949218D27F02009D967D /* ViewController.h */ = {isa = PBXFileReference; lastKnownFileType = sourcecode.c.h; path = ViewController.h; sourceTree = "<group>"; };
		8138949318D27F02009D967D /* ViewController.m */ = {isa = PBXFileReference; lastKnownFileType = sourcecode.c.objc; path = ViewController.m; sourceTree = "<group>"; };
		8138949518D27F02009D967D /* Images.xcassets */ = {isa = PBXFileReference; lastKnownFileType = folder.assetcatalog; path = Images.xcassets; sourceTree = "<group>"; };
		8138949B18D27F02009D967D /* FlickrKitTestTests.xctest */ = {isa = PBXFileReference; explicitFileType = wrapper.cfbundle; includeInIndex = 0; path = FlickrKitTestTests.xctest; sourceTree = BUILT_PRODUCTS_DIR; };
		8138949C18D27F02009D967D /* XCTest.framework */ = {isa = PBXFileReference; lastKnownFileType = wrapper.framework; name = XCTest.framework; path = Library/Frameworks/XCTest.framework; sourceTree = DEVELOPER_DIR; };
		813894A418D27F02009D967D /* FlickrKitTestTests-Info.plist */ = {isa = PBXFileReference; lastKnownFileType = text.plist.xml; path = "FlickrKitTestTests-Info.plist"; sourceTree = "<group>"; };
		813894A618D27F02009D967D /* en */ = {isa = PBXFileReference; lastKnownFileType = text.plist.strings; name = en; path = en.lproj/InfoPlist.strings; sourceTree = "<group>"; };
		813894A818D27F02009D967D /* FlickrKitTestTests.m */ = {isa = PBXFileReference; lastKnownFileType = sourcecode.c.objc; path = FlickrKitTestTests.m; sourceTree = "<group>"; };
/* End PBXFileReference section */

/* Begin PBXFrameworksBuildPhase section */
		8138947418D27F01009D967D /* Frameworks */ = {
			isa = PBXFrameworksBuildPhase;
			buildActionMask = 2147483647;
			files = (
				8138947D18D27F02009D967D /* CoreGraphics.framework in Frameworks */,
				8138947F18D27F02009D967D /* UIKit.framework in Frameworks */,
				8138947B18D27F02009D967D /* Foundation.framework in Frameworks */,
			);
			runOnlyForDeploymentPostprocessing = 0;
		};
		8138949818D27F02009D967D /* Frameworks */ = {
			isa = PBXFrameworksBuildPhase;
			buildActionMask = 2147483647;
			files = (
				8138949D18D27F02009D967D /* XCTest.framework in Frameworks */,
				8138949F18D27F02009D967D /* UIKit.framework in Frameworks */,
				8138949E18D27F02009D967D /* Foundation.framework in Frameworks */,
			);
			runOnlyForDeploymentPostprocessing = 0;
		};
/* End PBXFrameworksBuildPhase section */

/* Begin PBXGroup section */
		8138946E18D27F01009D967D = {
			isa = PBXGroup;
			children = (
				8138948018D27F02009D967D /* FlickrKitTest */,
				813894A218D27F02009D967D /* FlickrKitTestTests */,
				8138947918D27F01009D967D /* Frameworks */,
				8138947818D27F01009D967D /* Products */,
			);
			sourceTree = "<group>";
		};
		8138947818D27F01009D967D /* Products */ = {
			isa = PBXGroup;
			children = (
				8138947718D27F01009D967D /* FlickrKitTest.app */,
				8138949B18D27F02009D967D /* FlickrKitTestTests.xctest */,
			);
			name = Products;
			sourceTree = "<group>";
		};
		8138947918D27F01009D967D /* Frameworks */ = {
			isa = PBXGroup;
			children = (
				8138947A18D27F02009D967D /* Foundation.framework */,
				8138947C18D27F02009D967D /* CoreGraphics.framework */,
				8138947E18D27F02009D967D /* UIKit.framework */,
				8138949C18D27F02009D967D /* XCTest.framework */,
			);
			name = Frameworks;
			sourceTree = "<group>";
		};
		8138948018D27F02009D967D /* FlickrKitTest */ = {
			isa = PBXGroup;
			children = (
				8138948918D27F02009D967D /* AppDelegate.h */,
				8138948A18D27F02009D967D /* AppDelegate.m */,
				8138948C18D27F02009D967D /* Main_iPhone.storyboard */,
				8138948F18D27F02009D967D /* Main_iPad.storyboard */,
				8138949218D27F02009D967D /* ViewController.h */,
				8138949318D27F02009D967D /* ViewController.m */,
				8138949518D27F02009D967D /* Images.xcassets */,
				8138948118D27F02009D967D /* Supporting Files */,
			);
			path = FlickrKitTest;
			sourceTree = "<group>";
		};
		8138948118D27F02009D967D /* Supporting Files */ = {
			isa = PBXGroup;
			children = (
				8138948218D27F02009D967D /* FlickrKitTest-Info.plist */,
				8138948318D27F02009D967D /* InfoPlist.strings */,
				8138948618D27F02009D967D /* main.m */,
				8138948818D27F02009D967D /* FlickrKitTest-Prefix.pch */,
			);
			name = "Supporting Files";
			sourceTree = "<group>";
		};
		813894A218D27F02009D967D /* FlickrKitTestTests */ = {
			isa = PBXGroup;
			children = (
				813894A818D27F02009D967D /* FlickrKitTestTests.m */,
				813894A318D27F02009D967D /* Supporting Files */,
			);
			path = FlickrKitTestTests;
			sourceTree = "<group>";
		};
		813894A318D27F02009D967D /* Supporting Files */ = {
			isa = PBXGroup;
			children = (
				813894A418D27F02009D967D /* FlickrKitTestTests-Info.plist */,
				813894A518D27F02009D967D /* InfoPlist.strings */,
			);
			name = "Supporting Files";
			sourceTree = "<group>";
		};
/* End PBXGroup section */

/* Begin PBXNativeTarget section */
		8138947618D27F01009D967D /* FlickrKitTest */ = {
			isa = PBXNativeTarget;
			buildConfigurationList = 813894AC18D27F02009D967D /* Build configuration list for PBXNativeTarget "FlickrKitTest" */;
			buildPhases = (
				8138947318D27F01009D967D /* Sources */,
				8138947418D27F01009D967D /* Frameworks */,
				8138947518D27F01009D967D /* Resources */,
			);
			buildRules = (
			);
			dependencies = (
			);
			name = FlickrKitTest;
			productName = FlickrKitTest;
			productReference = 8138947718D27F01009D967D /* FlickrKitTest.app */;
			productType = "com.apple.product-type.application";
		};
		8138949A18D27F02009D967D /* FlickrKitTestTests */ = {
			isa = PBXNativeTarget;
			buildConfigurationList = 813894AF18D27F02009D967D /* Build configuration list for PBXNativeTarget "FlickrKitTestTests" */;
			buildPhases = (
				8138949718D27F02009D967D /* Sources */,
				8138949818D27F02009D967D /* Frameworks */,
				8138949918D27F02009D967D /* Resources */,
			);
			buildRules = (
			);
			dependencies = (
				813894A118D27F02009D967D /* PBXTargetDependency */,
			);
			name = FlickrKitTestTests;
			productName = FlickrKitTestTests;
			productReference = 8138949B18D27F02009D967D /* FlickrKitTestTests.xctest */;
			productType = "com.apple.product-type.bundle.unit-test";
		};
/* End PBXNativeTarget section */

/* Begin PBXProject section */
		8138946F18D27F01009D967D /* Project object */ = {
			isa = PBXProject;
			attributes = {
				LastUpgradeCheck = 0500;
				ORGANIZATIONNAME = "Aizawa Takashi";
				TargetAttributes = {
					8138949A18D27F02009D967D = {
						TestTargetID = 8138947618D27F01009D967D;
					};
				};
			};
			buildConfigurationList = 8138947218D27F01009D967D /* Build configuration list for PBXProject "FlickrKitTest" */;
			compatibilityVersion = "Xcode 3.2";
			developmentRegion = English;
			hasScannedForEncodings = 0;
			knownRegions = (
				en,
				Base,
			);
			mainGroup = 8138946E18D27F01009D967D;
			productRefGroup = 8138947818D27F01009D967D /* Products */;
			projectDirPath = "";
			projectRoot = "";
			targets = (
				8138947618D27F01009D967D /* FlickrKitTest */,
				8138949A18D27F02009D967D /* FlickrKitTestTests */,
			);
		};
/* End PBXProject section */

/* Begin PBXResourcesBuildPhase section */
		8138947518D27F01009D967D /* Resources */ = {
			isa = PBXResourcesBuildPhase;
			buildActionMask = 2147483647;
			files = (
				8138949118D27F02009D967D /* Main_iPad.storyboard in Resources */,
				8138949618D27F02009D967D /* Images.xcassets in Resources */,
				8138948E18D27F02009D967D /* Main_iPhone.storyboard in Resources */,
				8138948518D27F02009D967D /* InfoPlist.strings in Resources */,
			);
			runOnlyForDeploymentPostprocessing = 0;
		};
		8138949918D27F02009D967D /* Resources */ = {
			isa = PBXResourcesBuildPhase;
			buildActionMask = 2147483647;
			files = (
				813894A718D27F02009D967D /* InfoPlist.strings in Resources */,
			);
			runOnlyForDeploymentPostprocessing = 0;
		};
/* End PBXResourcesBuildPhase section */

/* Begin PBXSourcesBuildPhase section */
		8138947318D27F01009D967D /* Sources */ = {
			isa = PBXSourcesBuildPhase;
			buildActionMask = 2147483647;
			files = (
				8138949418D27F02009D967D /* ViewController.m in Sources */,
				8138948B18D27F02009D967D /* AppDelegate.m in Sources */,
				8138948718D27F02009D967D /* main.m in Sources */,
			);
			runOnlyForDeploymentPostprocessing = 0;
		};
		8138949718D27F02009D967D /* Sources */ = {
			isa = PBXSourcesBuildPhase;
			buildActionMask = 2147483647;
			files = (
				813894A918D27F02009D967D /* FlickrKitTestTests.m in Sources */,
			);
			runOnlyForDeploymentPostprocessing = 0;
		};
/* End PBXSourcesBuildPhase section */

/* Begin PBXTargetDependency section */
		813894A118D27F02009D967D /* PBXTargetDependency */ = {
			isa = PBXTargetDependency;
			target = 8138947618D27F01009D967D /* FlickrKitTest */;
			targetProxy = 813894A018D27F02009D967D /* PBXContainerItemProxy */;
		};
/* End PBXTargetDependency section */

/* Begin PBXVariantGroup section */
		8138948318D27F02009D967D /* InfoPlist.strings */ = {
			isa = PBXVariantGroup;
			children = (
				8138948418D27F02009D967D /* en */,
			);
			name = InfoPlist.strings;
			sourceTree = "<group>";
		};
		8138948C18D27F02009D967D /* Main_iPhone.storyboard */ = {
			isa = PBXVariantGroup;
			children = (
				8138948D18D27F02009D967D /* Base */,
			);
			name = Main_iPhone.storyboard;
			sourceTree = "<group>";
		};
		8138948F18D27F02009D967D /* Main_iPad.storyboard */ = {
			isa = PBXVariantGroup;
			children = (
				8138949018D27F02009D967D /* Base */,
			);
			name = Main_iPad.storyboard;
			sourceTree = "<group>";
		};
		813894A518D27F02009D967D /* InfoPlist.strings */ = {
			isa = PBXVariantGroup;
			children = (
				813894A618D27F02009D967D /* en */,
			);
			name = InfoPlist.strings;
			sourceTree = "<group>";
		};
/* End PBXVariantGroup section */

/* Begin XCBuildConfiguration section */
		813894AA18D27F02009D967D /* Debug */ = {
			isa = XCBuildConfiguration;
			buildSettings = {
				ALWAYS_SEARCH_USER_PATHS = NO;
				ARCHS = "$(ARCHS_STANDARD_INCLUDING_64_BIT)";
				CLANG_CXX_LANGUAGE_STANDARD = "gnu++0x";
				CLANG_CXX_LIBRARY = "libc++";
				CLANG_ENABLE_MODULES = YES;
				CLANG_ENABLE_OBJC_ARC = YES;
				CLANG_WARN_BOOL_CONVERSION = YES;
				CLANG_WARN_CONSTANT_CONVERSION = YES;
				CLANG_WARN_DIRECT_OBJC_ISA_USAGE = YES_ERROR;
				CLANG_WARN_EMPTY_BODY = YES;
				CLANG_WARN_ENUM_CONVERSION = YES;
				CLANG_WARN_INT_CONVERSION = YES;
				CLANG_WARN_OBJC_ROOT_CLASS = YES_ERROR;
				CLANG_WARN__DUPLICATE_METHOD_MATCH = YES;
				"CODE_SIGN_IDENTITY[sdk=iphoneos*]" = "iPhone Developer";
				COPY_PHASE_STRIP = NO;
				GCC_C_LANGUAGE_STANDARD = gnu99;
				GCC_DYNAMIC_NO_PIC = NO;
				GCC_OPTIMIZATION_LEVEL = 0;
				GCC_PREPROCESSOR_DEFINITIONS = (
					"DEBUG=1",
					"$(inherited)",
				);
				GCC_SYMBOLS_PRIVATE_EXTERN = NO;
				GCC_WARN_64_TO_32_BIT_CONVERSION = YES;
				GCC_WARN_ABOUT_RETURN_TYPE = YES_ERROR;
				GCC_WARN_UNDECLARED_SELECTOR = YES;
				GCC_WARN_UNINITIALIZED_AUTOS = YES;
				GCC_WARN_UNUSED_FUNCTION = YES;
				GCC_WARN_UNUSED_VARIABLE = YES;
				IPHONEOS_DEPLOYMENT_TARGET = 7.0;
				ONLY_ACTIVE_ARCH = YES;
				SDKROOT = iphoneos;
				TARGETED_DEVICE_FAMILY = "1,2";
			};
			name = Debug;
		};
		813894AB18D27F02009D967D /* Release */ = {
			isa = XCBuildConfiguration;
			buildSettings = {
				ALWAYS_SEARCH_USER_PATHS = NO;
				ARCHS = "$(ARCHS_STANDARD_INCLUDING_64_BIT)";
				CLANG_CXX_LANGUAGE_STANDARD = "gnu++0x";
				CLANG_CXX_LIBRARY = "libc++";
				CLANG_ENABLE_MODULES = YES;
				CLANG_ENABLE_OBJC_ARC = YES;
				CLANG_WARN_BOOL_CONVERSION = YES;
				CLANG_WARN_CONSTANT_CONVERSION = YES;
				CLANG_WARN_DIRECT_OBJC_ISA_USAGE = YES_ERROR;
				CLANG_WARN_EMPTY_BODY = YES;
				CLANG_WARN_ENUM_CONVERSION = YES;
				CLANG_WARN_INT_CONVERSION = YES;
				CLANG_WARN_OBJC_ROOT_CLASS = YES_ERROR;
				CLANG_WARN__DUPLICATE_METHOD_MATCH = YES;
				"CODE_SIGN_IDENTITY[sdk=iphoneos*]" = "iPhone Developer";
				COPY_PHASE_STRIP = YES;
				ENABLE_NS_ASSERTIONS = NO;
				GCC_C_LANGUAGE_STANDARD = gnu99;
				GCC_WARN_64_TO_32_BIT_CONVERSION = YES;
				GCC_WARN_ABOUT_RETURN_TYPE = YES_ERROR;
				GCC_WARN_UNDECLARED_SELECTOR = YES;
				GCC_WARN_UNINITIALIZED_AUTOS = YES;
				GCC_WARN_UNUSED_FUNCTION = YES;
				GCC_WARN_UNUSED_VARIABLE = YES;
				IPHONEOS_DEPLOYMENT_TARGET = 7.0;
				SDKROOT = iphoneos;
				TARGETED_DEVICE_FAMILY = "1,2";
				VALIDATE_PRODUCT = YES;
			};
			name = Release;
		};
		813894AD18D27F02009D967D /* Debug */ = {
			isa = XCBuildConfiguration;
			buildSettings = {
				ASSETCATALOG_COMPILER_APPICON_NAME = AppIcon;
				ASSETCATALOG_COMPILER_LAUNCHIMAGE_NAME = LaunchImage;
				GCC_PRECOMPILE_PREFIX_HEADER = YES;
				GCC_PREFIX_HEADER = "FlickrKitTest/FlickrKitTest-Prefix.pch";
				INFOPLIST_FILE = "FlickrKitTest/FlickrKitTest-Info.plist";
				PRODUCT_NAME = "$(TARGET_NAME)";
				WRAPPER_EXTENSION = app;
			};
			name = Debug;
		};
		813894AE18D27F02009D967D /* Release */ = {
			isa = XCBuildConfiguration;
			buildSettings = {
				ASSETCATALOG_COMPILER_APPICON_NAME = AppIcon;
				ASSETCATALOG_COMPILER_LAUNCHIMAGE_NAME = LaunchImage;
				GCC_PRECOMPILE_PREFIX_HEADER = YES;
				GCC_PREFIX_HEADER = "FlickrKitTest/FlickrKitTest-Prefix.pch";
				INFOPLIST_FILE = "FlickrKitTest/FlickrKitTest-Info.plist";
				PRODUCT_NAME = "$(TARGET_NAME)";
				WRAPPER_EXTENSION = app;
			};
			name = Release;
		};
		813894B018D27F02009D967D /* Debug */ = {
			isa = XCBuildConfiguration;
			buildSettings = {
				ARCHS = "$(ARCHS_STANDARD_INCLUDING_64_BIT)";
				BUNDLE_LOADER = "$(BUILT_PRODUCTS_DIR)/FlickrKitTest.app/FlickrKitTest";
				FRAMEWORK_SEARCH_PATHS = (
					"$(SDKROOT)/Developer/Library/Frameworks",
					"$(inherited)",
					"$(DEVELOPER_FRAMEWORKS_DIR)",
				);
				GCC_PRECOMPILE_PREFIX_HEADER = YES;
				GCC_PREFIX_HEADER = "FlickrKitTest/FlickrKitTest-Prefix.pch";
				GCC_PREPROCESSOR_DEFINITIONS = (
					"DEBUG=1",
					"$(inherited)",
				);
				INFOPLIST_FILE = "FlickrKitTestTests/FlickrKitTestTests-Info.plist";
				PRODUCT_NAME = "$(TARGET_NAME)";
				TEST_HOST = "$(BUNDLE_LOADER)";
				WRAPPER_EXTENSION = xctest;
			};
			name = Debug;
		};
		813894B118D27F02009D967D /* Release */ = {
			isa = XCBuildConfiguration;
			buildSettings = {
				ARCHS = "$(ARCHS_STANDARD_INCLUDING_64_BIT)";
				BUNDLE_LOADER = "$(BUILT_PRODUCTS_DIR)/FlickrKitTest.app/FlickrKitTest";
				FRAMEWORK_SEARCH_PATHS = (
					"$(SDKROOT)/Developer/Library/Frameworks",
					"$(inherited)",
					"$(DEVELOPER_FRAMEWORKS_DIR)",
				);
				GCC_PRECOMPILE_PREFIX_HEADER = YES;
				GCC_PREFIX_HEADER = "FlickrKitTest/FlickrKitTest-Prefix.pch";
				INFOPLIST_FILE = "FlickrKitTestTests/FlickrKitTestTests-Info.plist";
				PRODUCT_NAME = "$(TARGET_NAME)";
				TEST_HOST = "$(BUNDLE_LOADER)";
				WRAPPER_EXTENSION = xctest;
			};
			name = Release;
		};
/* End XCBuildConfiguration section */

/* Begin XCConfigurationList section */
		8138947218D27F01009D967D /* Build configuration list for PBXProject "FlickrKitTest" */ = {
			isa = XCConfigurationList;
			buildConfigurations = (
				813894AA18D27F02009D967D /* Debug */,
				813894AB18D27F02009D967D /* Release */,
			);
			defaultConfigurationIsVisible = 0;
			defaultConfigurationName = Release;
		};
		813894AC18D27F02009D967D /* Build configuration list for PBXNativeTarget "FlickrKitTest" */ = {
			isa = XCConfigurationList;
			buildConfigurations = (
				813894AD18D27F02009D967D /* Debug */,
				813894AE18D27F02009D967D /* Release */,
			);
			defaultConfigurationIsVisible = 0;
		};
		813894AF18D27F02009D967D /* Build configuration list for PBXNativeTarget "FlickrKitTestTests" */ = {
			isa = XCConfigurationList;
			buildConfigurations = (
				813894B018D27F02009D967D /* Debug */,
				813894B118D27F02009D967D /* Release */,
			);
			defaultConfigurationIsVisible = 0;
		};
/* End XCConfigurationList section */
	};
	rootObject = 8138946F18D27F01009D967D /* Project object */;
}
